
Microsoft Visual Studio Solution File, Format Version 12.00
# Visual Studio Version 17
VisualStudioVersion = 17.13.35919.96 d17.13
MinimumVisualStudioVersion = 10.0.40219.1
Project("{FAE04EC0-301F-11D3-BF4B-00C04F79EFBC}") = "LAB1", "LAB1\LAB1.csproj", "{0F949749-CBC8-4622-A266-2591D103AA76}"
EndProject
Project("{FAE04EC0-301F-11D3-BF4B-00C04F79EFBC}") = "Bai1LAB1", "Bai1LAB1\Bai1LAB1.csproj", "{E50EFE5B-EECD-4D08-9BD8-0D182ECEFBCE}"
EndProject
Project("{FAE04EC0-301F-11D3-BF4B-00C04F79EFBC}") = "Bai2LAB1", "Bai2LAB1\Bai2LAB1.csproj", "{D0548C33-CFF5-4BE5-A966-78042C1F1A7E}"
EndProject
Project("{FAE04EC0-301F-11D3-BF4B-00C04F79EFBC}") = "Bai3LAB1", "Bai3LAB1\Bai3LAB1.csproj", "{7DF27172-96AA-49DE-BA3A-34C2E5BEAE72}"
EndProject
Project("{FAE04EC0-301F-11D3-BF4B-00C04F79EFBC}") = "Bai4LAB1", "Bai4LAB1\Bai4LAB1.csproj", "{57CD72F4-B9FB-4D95-8A68-1727F0ABCBD4}"
EndProject
Project("{FAE04EC0-301F-11D3-BF4B-00C04F79EFBC}") = "Bai5LAB1", "Bai5LAB1\Bai5LAB1.csproj", "{DE86E579-3E45-40EB-8706-862F0A5087F1}"
EndProject
Project("{FAE04EC0-301F-11D3-BF4B-00C04F79EFBC}") = "Bai6LAB1", "Bai6LAB1\Bai6LAB1.csproj", "{139D7F0F-DF5B-4E38-AA38-D07F6EECCA8D}"
EndProject
Project("{FAE04EC0-301F-11D3-BF4B-00C04F79EFBC}") = "Bai7LAB1", "Bai7LAB1\Bai7LAB1.csproj", "{2E843919-C7E2-4074-8F73-92F1CF72EC2B}"
EndProject
Project("{FAE04EC0-301F-11D3-BF4B-00C04F79EFBC}") = "Bai8LAB1", "Bai8LAB1\Bai8LAB1.csproj", "{52E3B0D5-2A85-44F9-88E0-6056433BF4EB}"
EndProject
Project("{FAE04EC0-301F-11D3-BF4B-00C04F79EFBC}") = "Bai9LAB1", "Bai9LAB1\Bai9LAB1.csproj", "{1770D048-911A-48B5-A71C-7DEFD35786B0}"
EndProject
Project("{FAE04EC0-301F-11D3-BF4B-00C04F79EFBC}") = "Bai10LAB1", "Bai10LAB1\Bai10LAB1.csproj", "{B1CB3EF7-886B-4F32-871B-EAFCD26FC826}"
EndProject
Global
	GlobalSection(SolutionConfigurationPlatforms) = preSolution
		Debug|Any CPU = Debug|Any CPU
		Release|Any CPU = Release|Any CPU
	EndGlobalSection
	GlobalSection(ProjectConfigurationPlatforms) = postSolution
		{0F949749-CBC8-4622-A266-2591D103AA76}.Debug|Any CPU.ActiveCfg = Debug|Any CPU
		{0F949749-CBC8-4622-A266-2591D103AA76}.Debug|Any CPU.Build.0 = Debug|Any CPU
		{0F949749-CBC8-4622-A266-2591D103AA76}.Release|Any CPU.ActiveCfg = Release|Any CPU
		{0F949749-CBC8-4622-A266-2591D103AA76}.Release|Any CPU.Build.0 = Release|Any CPU
		{E50EFE5B-EECD-4D08-9BD8-0D182ECEFBCE}.Debug|Any CPU.ActiveCfg = Debug|Any CPU
		{E50EFE5B-EECD-4D08-9BD8-0D182ECEFBCE}.Debug|Any CPU.Build.0 = Debug|Any CPU
		{E50EFE5B-EECD-4D08-9BD8-0D182ECEFBCE}.Release|Any CPU.ActiveCfg = Release|Any CPU
		{E50EFE5B-EECD-4D08-9BD8-0D182ECEFBCE}.Release|Any CPU.Build.0 = Release|Any CPU
		{D0548C33-CFF5-4BE5-A966-78042C1F1A7E}.Debug|Any CPU.ActiveCfg = Debug|Any CPU
		{D0548C33-CFF5-4BE5-A966-78042C1F1A7E}.Debug|Any CPU.Build.0 = Debug|Any CPU
		{D0548C33-CFF5-4BE5-A966-78042C1F1A7E}.Release|Any CPU.ActiveCfg = Release|Any CPU
		{D0548C33-CFF5-4BE5-A966-78042C1F1A7E}.Release|Any CPU.Build.0 = Release|Any CPU
		{7DF27172-96AA-49DE-BA3A-34C2E5BEAE72}.Debug|Any CPU.ActiveCfg = Debug|Any CPU
		{7DF27172-96AA-49DE-BA3A-34C2E5BEAE72}.Debug|Any CPU.Build.0 = Debug|Any CPU
		{7DF27172-96AA-49DE-BA3A-34C2E5BEAE72}.Release|Any CPU.ActiveCfg = Release|Any CPU
		{7DF27172-96AA-49DE-BA3A-34C2E5BEAE72}.Release|Any CPU.Build.0 = Release|Any CPU
		{57CD72F4-B9FB-4D95-8A68-1727F0ABCBD4}.Debug|Any CPU.ActiveCfg = Debug|Any CPU
		{57CD72F4-B9FB-4D95-8A68-1727F0ABCBD4}.Debug|Any CPU.Build.0 = Debug|Any CPU
		{57CD72F4-B9FB-4D95-8A68-1727F0ABCBD4}.Release|Any CPU.ActiveCfg = Release|Any CPU
		{57CD72F4-B9FB-4D95-8A68-1727F0ABCBD4}.Release|Any CPU.Build.0 = Release|Any CPU
		{DE86E579-3E45-40EB-8706-862F0A5087F1}.Debug|Any CPU.ActiveCfg = Debug|Any CPU
		{DE86E579-3E45-40EB-8706-862F0A5087F1}.Debug|Any CPU.Build.0 = Debug|Any CPU
		{DE86E579-3E45-40EB-8706-862F0A5087F1}.Release|Any CPU.ActiveCfg = Release|Any CPU
		{DE86E579-3E45-40EB-8706-862F0A5087F1}.Release|Any CPU.Build.0 = Release|Any CPU
		{139D7F0F-DF5B-4E38-AA38-D07F6EECCA8D}.Debug|Any CPU.ActiveCfg = Debug|Any CPU
		{139D7F0F-DF5B-4E38-AA38-D07F6EECCA8D}.Debug|Any CPU.Build.0 = Debug|Any CPU
		{139D7F0F-DF5B-4E38-AA38-D07F6EECCA8D}.Release|Any CPU.ActiveCfg = Release|Any CPU
		{139D7F0F-DF5B-4E38-AA38-D07F6EECCA8D}.Release|Any CPU.Build.0 = Release|Any CPU
		{2E843919-C7E2-4074-8F73-92F1CF72EC2B}.Debug|Any CPU.ActiveCfg = Debug|Any CPU
		{2E843919-C7E2-4074-8F73-92F1CF72EC2B}.Debug|Any CPU.Build.0 = Debug|Any CPU
		{2E843919-C7E2-4074-8F73-92F1CF72EC2B}.Release|Any CPU.ActiveCfg = Release|Any CPU
		{2E843919-C7E2-4074-8F73-92F1CF72EC2B}.Release|Any CPU.Build.0 = Release|Any CPU
		{52E3B0D5-2A85-44F9-88E0-6056433BF4EB}.Debug|Any CPU.ActiveCfg = Debug|Any CPU
		{52E3B0D5-2A85-44F9-88E0-6056433BF4EB}.Debug|Any CPU.Build.0 = Debug|Any CPU
		{52E3B0D5-2A85-44F9-88E0-6056433BF4EB}.Release|Any CPU.ActiveCfg = Release|Any CPU
		{52E3B0D5-2A85-44F9-88E0-6056433BF4EB}.Release|Any CPU.Build.0 = Release|Any CPU
		{1770D048-911A-48B5-A71C-7DEFD35786B0}.Debug|Any CPU.ActiveCfg = Debug|Any CPU
		{1770D048-911A-48B5-A71C-7DEFD35786B0}.Debug|Any CPU.Build.0 = Debug|Any CPU
		{1770D048-911A-48B5-A71C-7DEFD35786B0}.Release|Any CPU.ActiveCfg = Release|Any CPU
		{1770D048-911A-48B5-A71C-7DEFD35786B0}.Release|Any CPU.Build.0 = Release|Any CPU
		{B1CB3EF7-886B-4F32-871B-EAFCD26FC826}.Debug|Any CPU.ActiveCfg = Debug|Any CPU
		{B1CB3EF7-886B-4F32-871B-EAFCD26FC826}.Debug|Any CPU.Build.0 = Debug|Any CPU
		{B1CB3EF7-886B-4F32-871B-EAFCD26FC826}.Release|Any CPU.ActiveCfg = Release|Any CPU
		{B1CB3EF7-886B-4F32-871B-EAFCD26FC826}.Release|Any CPU.Build.0 = Release|Any CPU
	EndGlobalSection
	GlobalSection(SolutionProperties) = preSolution
		HideSolutionNode = FALSE
	EndGlobalSection
	GlobalSection(ExtensibilityGlobals) = postSolution
		SolutionGuid = {719389A0-39EA-46CA-B88D-1EEBFD11D90C}
	EndGlobalSection
EndGlobal
